
Microsoft Visual Studio Solution File, Format Version 12.00
# Visual Studio 2013
VisualStudioVersion = 12.0.21005.1
MinimumVisualStudioVersion = 10.0.40219.1
Project("{FAE04EC0-301F-11D3-BF4B-00C04F79EFBC}") = "MainFrame", "Mainframe\MainFrame.csproj", "{307371E1-1CC7-4E2C-881E-5A99AEA7FF33}"
EndProject
Project("{FAE04EC0-301F-11D3-BF4B-00C04F79EFBC}") = "MainFrame.Tests", "Mainframe.Tests\MainFrame.Tests.csproj", "{94420E70-0352-47FD-901C-D389C174584D}"
EndProject
Project("{FAE04EC0-301F-11D3-BF4B-00C04F79EFBC}") = "MainFrame.Web", "Mainframe.Web\MainFrame.Web.csproj", "{84B050AB-FFFC-4B05-9CA1-23CCA496883B}"
EndProject
Project("{FAE04EC0-301F-11D3-BF4B-00C04F79EFBC}") = "MainFrame.Web.Tests", "Mainframe.Web.Tests\MainFrame.Web.Tests.csproj", "{BBC9CF8A-03FB-4842-A09B-E545BF219822}"
EndProject
Project("{2150E333-8FDC-42A3-9474-1A3956D46DE8}") = ".nuget", ".nuget", "{53306AC5-DC64-43CA-A001-FDD1B8561BA2}"
	ProjectSection(SolutionItems) = preProject
		.nuget\NuGet.Config = .nuget\NuGet.Config
		.nuget\NuGet.exe = .nuget\NuGet.exe
		.nuget\NuGet.targets = .nuget\NuGet.targets
	EndProjectSection
EndProject
Project("{FAE04EC0-301F-11D3-BF4B-00C04F79EFBC}") = "MainFrame.Mobile", "MainFrame.Mobile\MainFrame.Mobile.csproj", "{95696A24-C0B5-45E9-B522-95105DCFA758}"
EndProject
Project("{FAE04EC0-301F-11D3-BF4B-00C04F79EFBC}") = "MainFrame.Mobile.Tests", "MainFrame.Mobile.Tests\MainFrame.Mobile.Tests.csproj", "{680E6456-C886-46B9-92D9-F10E81C18276}"
EndProject
Project("{FAE04EC0-301F-11D3-BF4B-00C04F79EFBC}") = "MainFrame.Desktop.Tests", "MainFrame.Desktop.Tests\MainFrame.Desktop.Tests.csproj", "{A8A5DBC5-8023-46C6-80E8-576CF267E95F}"
EndProject
Project("{FAE04EC0-301F-11D3-BF4B-00C04F79EFBC}") = "MainFrame.Desktop", "MainFrame.Desktop\MainFrame.Desktop.csproj", "{DC67C132-6DD8-4D8C-8E62-6706D590CE43}"
EndProject
Global
	GlobalSection(SolutionConfigurationPlatforms) = preSolution
		Debug|Any CPU = Debug|Any CPU
		Release|Any CPU = Release|Any CPU
	EndGlobalSection
	GlobalSection(ProjectConfigurationPlatforms) = postSolution
		{307371E1-1CC7-4E2C-881E-5A99AEA7FF33}.Debug|Any CPU.ActiveCfg = Debug|Any CPU
		{307371E1-1CC7-4E2C-881E-5A99AEA7FF33}.Debug|Any CPU.Build.0 = Debug|Any CPU
		{307371E1-1CC7-4E2C-881E-5A99AEA7FF33}.Release|Any CPU.ActiveCfg = Release|Any CPU
		{307371E1-1CC7-4E2C-881E-5A99AEA7FF33}.Release|Any CPU.Build.0 = Release|Any CPU
		{94420E70-0352-47FD-901C-D389C174584D}.Debug|Any CPU.ActiveCfg = Debug|Any CPU
		{94420E70-0352-47FD-901C-D389C174584D}.Debug|Any CPU.Build.0 = Debug|Any CPU
		{94420E70-0352-47FD-901C-D389C174584D}.Release|Any CPU.ActiveCfg = Release|Any CPU
		{94420E70-0352-47FD-901C-D389C174584D}.Release|Any CPU.Build.0 = Release|Any CPU
		{84B050AB-FFFC-4B05-9CA1-23CCA496883B}.Debug|Any CPU.ActiveCfg = Debug|Any CPU
		{84B050AB-FFFC-4B05-9CA1-23CCA496883B}.Debug|Any CPU.Build.0 = Debug|Any CPU
		{84B050AB-FFFC-4B05-9CA1-23CCA496883B}.Release|Any CPU.ActiveCfg = Release|Any CPU
		{84B050AB-FFFC-4B05-9CA1-23CCA496883B}.Release|Any CPU.Build.0 = Release|Any CPU
		{BBC9CF8A-03FB-4842-A09B-E545BF219822}.Debug|Any CPU.ActiveCfg = Debug|Any CPU
		{BBC9CF8A-03FB-4842-A09B-E545BF219822}.Debug|Any CPU.Build.0 = Debug|Any CPU
		{BBC9CF8A-03FB-4842-A09B-E545BF219822}.Release|Any CPU.ActiveCfg = Release|Any CPU
		{BBC9CF8A-03FB-4842-A09B-E545BF219822}.Release|Any CPU.Build.0 = Release|Any CPU
		{95696A24-C0B5-45E9-B522-95105DCFA758}.Debug|Any CPU.ActiveCfg = Debug|Any CPU
		{95696A24-C0B5-45E9-B522-95105DCFA758}.Debug|Any CPU.Build.0 = Debug|Any CPU
		{95696A24-C0B5-45E9-B522-95105DCFA758}.Release|Any CPU.ActiveCfg = Release|Any CPU
		{95696A24-C0B5-45E9-B522-95105DCFA758}.Release|Any CPU.Build.0 = Release|Any CPU
		{680E6456-C886-46B9-92D9-F10E81C18276}.Debug|Any CPU.ActiveCfg = Debug|Any CPU
		{680E6456-C886-46B9-92D9-F10E81C18276}.Debug|Any CPU.Build.0 = Debug|Any CPU
		{680E6456-C886-46B9-92D9-F10E81C18276}.Release|Any CPU.ActiveCfg = Release|Any CPU
		{680E6456-C886-46B9-92D9-F10E81C18276}.Release|Any CPU.Build.0 = Release|Any CPU
		{A8A5DBC5-8023-46C6-80E8-576CF267E95F}.Debug|Any CPU.ActiveCfg = Debug|Any CPU
		{A8A5DBC5-8023-46C6-80E8-576CF267E95F}.Debug|Any CPU.Build.0 = Debug|Any CPU
		{A8A5DBC5-8023-46C6-80E8-576CF267E95F}.Release|Any CPU.ActiveCfg = Release|Any CPU
		{A8A5DBC5-8023-46C6-80E8-576CF267E95F}.Release|Any CPU.Build.0 = Release|Any CPU
		{DC67C132-6DD8-4D8C-8E62-6706D590CE43}.Debug|Any CPU.ActiveCfg = Debug|Any CPU
		{DC67C132-6DD8-4D8C-8E62-6706D590CE43}.Debug|Any CPU.Build.0 = Debug|Any CPU
		{DC67C132-6DD8-4D8C-8E62-6706D590CE43}.Release|Any CPU.ActiveCfg = Release|Any CPU
		{DC67C132-6DD8-4D8C-8E62-6706D590CE43}.Release|Any CPU.Build.0 = Release|Any CPU
	EndGlobalSection
	GlobalSection(SolutionProperties) = preSolution
		HideSolutionNode = FALSE
	EndGlobalSection
EndGlobal
