
Microsoft Visual Studio Solution File, Format Version 12.00
# Visual Studio 2013
VisualStudioVersion = 12.0.21005.1
MinimumVisualStudioVersion = 10.0.40219.1
Project("{FAE04EC0-301F-11D3-BF4B-00C04F79EFBC}") = "Mainframe", "Mainframe\Mainframe.csproj", "{307371E1-1CC7-4E2C-881E-5A99AEA7FF33}"
EndProject
Project("{FAE04EC0-301F-11D3-BF4B-00C04F79EFBC}") = "Mainframe.Tests", "Mainframe.Tests\Mainframe.Tests.csproj", "{94420E70-0352-47FD-901C-D389C174584D}"
EndProject
Project("{FAE04EC0-301F-11D3-BF4B-00C04F79EFBC}") = "Mainframe.NuGet", "Mainframe.NuGet\Mainframe.NuGet.csproj", "{CE592DCE-F8ED-41E9-850B-21A4AD600D59}"
EndProject
Project("{FAE04EC0-301F-11D3-BF4B-00C04F79EFBC}") = "Mainframe.Web", "Mainframe.Web\Mainframe.Web.csproj", "{84B050AB-FFFC-4B05-9CA1-23CCA496883B}"
EndProject
Project("{FAE04EC0-301F-11D3-BF4B-00C04F79EFBC}") = "Mainframe.Web.Tests", "Mainframe.Web.Tests\Mainframe.Web.Tests.csproj", "{BBC9CF8A-03FB-4842-A09B-E545BF219822}"
EndProject
Project("{FAE04EC0-301F-11D3-BF4B-00C04F79EFBC}") = "Mainframe.WinForms", "Mainframe.WinForms\Mainframe.WinForms.csproj", "{74D8E9D5-D0CD-4736-A567-EB6B7F32615B}"
EndProject
Project("{FAE04EC0-301F-11D3-BF4B-00C04F79EFBC}") = "Mainframe.Wpf", "Mainframe.Wpf\Mainframe.Wpf.csproj", "{5AC5EAD0-0339-4F25-9675-FF73A64BB758}"
EndProject
Project("{FAE04EC0-301F-11D3-BF4B-00C04F79EFBC}") = "Mainframe.WinForms.Tests", "Mainframe.WinForms.Tests\Mainframe.WinForms.Tests.csproj", "{E2AFDF51-8EC6-435B-9FB0-999E6C1E864D}"
EndProject
Project("{FAE04EC0-301F-11D3-BF4B-00C04F79EFBC}") = "Mainframe.Wpf.Tests", "Mainframe.Wpf.Tests\Mainframe.Wpf.Tests.csproj", "{FCD4605F-7A06-419B-B30F-C358BCDBED7A}"
EndProject
Global
	GlobalSection(SolutionConfigurationPlatforms) = preSolution
		Debug|Any CPU = Debug|Any CPU
		Release|Any CPU = Release|Any CPU
	EndGlobalSection
	GlobalSection(ProjectConfigurationPlatforms) = postSolution
		{307371E1-1CC7-4E2C-881E-5A99AEA7FF33}.Debug|Any CPU.ActiveCfg = Debug|Any CPU
		{307371E1-1CC7-4E2C-881E-5A99AEA7FF33}.Debug|Any CPU.Build.0 = Debug|Any CPU
		{307371E1-1CC7-4E2C-881E-5A99AEA7FF33}.Release|Any CPU.ActiveCfg = Release|Any CPU
		{307371E1-1CC7-4E2C-881E-5A99AEA7FF33}.Release|Any CPU.Build.0 = Release|Any CPU
		{94420E70-0352-47FD-901C-D389C174584D}.Debug|Any CPU.ActiveCfg = Debug|Any CPU
		{94420E70-0352-47FD-901C-D389C174584D}.Debug|Any CPU.Build.0 = Debug|Any CPU
		{94420E70-0352-47FD-901C-D389C174584D}.Release|Any CPU.ActiveCfg = Release|Any CPU
		{94420E70-0352-47FD-901C-D389C174584D}.Release|Any CPU.Build.0 = Release|Any CPU
		{CE592DCE-F8ED-41E9-850B-21A4AD600D59}.Debug|Any CPU.ActiveCfg = Debug|Any CPU
		{CE592DCE-F8ED-41E9-850B-21A4AD600D59}.Debug|Any CPU.Build.0 = Debug|Any CPU
		{CE592DCE-F8ED-41E9-850B-21A4AD600D59}.Release|Any CPU.ActiveCfg = Release|Any CPU
		{CE592DCE-F8ED-41E9-850B-21A4AD600D59}.Release|Any CPU.Build.0 = Release|Any CPU
		{84B050AB-FFFC-4B05-9CA1-23CCA496883B}.Debug|Any CPU.ActiveCfg = Debug|Any CPU
		{84B050AB-FFFC-4B05-9CA1-23CCA496883B}.Debug|Any CPU.Build.0 = Debug|Any CPU
		{84B050AB-FFFC-4B05-9CA1-23CCA496883B}.Release|Any CPU.ActiveCfg = Release|Any CPU
		{84B050AB-FFFC-4B05-9CA1-23CCA496883B}.Release|Any CPU.Build.0 = Release|Any CPU
		{BBC9CF8A-03FB-4842-A09B-E545BF219822}.Debug|Any CPU.ActiveCfg = Debug|Any CPU
		{BBC9CF8A-03FB-4842-A09B-E545BF219822}.Debug|Any CPU.Build.0 = Debug|Any CPU
		{BBC9CF8A-03FB-4842-A09B-E545BF219822}.Release|Any CPU.ActiveCfg = Release|Any CPU
		{BBC9CF8A-03FB-4842-A09B-E545BF219822}.Release|Any CPU.Build.0 = Release|Any CPU
		{74D8E9D5-D0CD-4736-A567-EB6B7F32615B}.Debug|Any CPU.ActiveCfg = Debug|Any CPU
		{74D8E9D5-D0CD-4736-A567-EB6B7F32615B}.Debug|Any CPU.Build.0 = Debug|Any CPU
		{74D8E9D5-D0CD-4736-A567-EB6B7F32615B}.Release|Any CPU.ActiveCfg = Release|Any CPU
		{74D8E9D5-D0CD-4736-A567-EB6B7F32615B}.Release|Any CPU.Build.0 = Release|Any CPU
		{5AC5EAD0-0339-4F25-9675-FF73A64BB758}.Debug|Any CPU.ActiveCfg = Debug|Any CPU
		{5AC5EAD0-0339-4F25-9675-FF73A64BB758}.Debug|Any CPU.Build.0 = Debug|Any CPU
		{5AC5EAD0-0339-4F25-9675-FF73A64BB758}.Release|Any CPU.ActiveCfg = Release|Any CPU
		{5AC5EAD0-0339-4F25-9675-FF73A64BB758}.Release|Any CPU.Build.0 = Release|Any CPU
		{E2AFDF51-8EC6-435B-9FB0-999E6C1E864D}.Debug|Any CPU.ActiveCfg = Debug|Any CPU
		{E2AFDF51-8EC6-435B-9FB0-999E6C1E864D}.Debug|Any CPU.Build.0 = Debug|Any CPU
		{E2AFDF51-8EC6-435B-9FB0-999E6C1E864D}.Release|Any CPU.ActiveCfg = Release|Any CPU
		{E2AFDF51-8EC6-435B-9FB0-999E6C1E864D}.Release|Any CPU.Build.0 = Release|Any CPU
		{FCD4605F-7A06-419B-B30F-C358BCDBED7A}.Debug|Any CPU.ActiveCfg = Debug|Any CPU
		{FCD4605F-7A06-419B-B30F-C358BCDBED7A}.Debug|Any CPU.Build.0 = Debug|Any CPU
		{FCD4605F-7A06-419B-B30F-C358BCDBED7A}.Release|Any CPU.ActiveCfg = Release|Any CPU
		{FCD4605F-7A06-419B-B30F-C358BCDBED7A}.Release|Any CPU.Build.0 = Release|Any CPU
	EndGlobalSection
	GlobalSection(SolutionProperties) = preSolution
		HideSolutionNode = FALSE
	EndGlobalSection
EndGlobal
